
Microsoft Visual Studio Solution File, Format Version 12.00
# Visual Studio 2012
Project("{FAE04EC0-301F-11D3-BF4B-00C04F79EFBC}") = "AKQACalendar", "AKQACalendar\AKQACalendar.csproj", "{F862B45F-7368-4924-9DF5-28EB8DAF6222}"
EndProject
Project("{FAE04EC0-301F-11D3-BF4B-00C04F79EFBC}") = "BookingCalendar.Model", "AKQACalendar.Model\BookingCalendar.Model.csproj", "{16A201B6-DAEE-44C4-B208-E85989C0DF1D}"
EndProject
Project("{FAE04EC0-301F-11D3-BF4B-00C04F79EFBC}") = "AKQACalendar.Test", "AKQACalendar.Test\AKQACalendar.Test.csproj", "{27C2BF0F-113F-4282-A748-31DF4B33FA6F}"
EndProject
Project("{FAE04EC0-301F-11D3-BF4B-00C04F79EFBC}") = "BookingCalendar", "BookingCalendar\BookingCalendar.csproj", "{2014FD5C-B7D5-40BA-8169-746384D37426}"
EndProject
Global
	GlobalSection(SolutionConfigurationPlatforms) = preSolution
		Debug|Any CPU = Debug|Any CPU
		Release|Any CPU = Release|Any CPU
	EndGlobalSection
	GlobalSection(ProjectConfigurationPlatforms) = postSolution
		{F862B45F-7368-4924-9DF5-28EB8DAF6222}.Debug|Any CPU.ActiveCfg = Debug|Any CPU
		{F862B45F-7368-4924-9DF5-28EB8DAF6222}.Debug|Any CPU.Build.0 = Debug|Any CPU
		{F862B45F-7368-4924-9DF5-28EB8DAF6222}.Release|Any CPU.ActiveCfg = Release|Any CPU
		{F862B45F-7368-4924-9DF5-28EB8DAF6222}.Release|Any CPU.Build.0 = Release|Any CPU
		{16A201B6-DAEE-44C4-B208-E85989C0DF1D}.Debug|Any CPU.ActiveCfg = Debug|Any CPU
		{16A201B6-DAEE-44C4-B208-E85989C0DF1D}.Debug|Any CPU.Build.0 = Debug|Any CPU
		{16A201B6-DAEE-44C4-B208-E85989C0DF1D}.Release|Any CPU.ActiveCfg = Release|Any CPU
		{16A201B6-DAEE-44C4-B208-E85989C0DF1D}.Release|Any CPU.Build.0 = Release|Any CPU
		{27C2BF0F-113F-4282-A748-31DF4B33FA6F}.Debug|Any CPU.ActiveCfg = Debug|Any CPU
		{27C2BF0F-113F-4282-A748-31DF4B33FA6F}.Debug|Any CPU.Build.0 = Debug|Any CPU
		{27C2BF0F-113F-4282-A748-31DF4B33FA6F}.Release|Any CPU.ActiveCfg = Release|Any CPU
		{27C2BF0F-113F-4282-A748-31DF4B33FA6F}.Release|Any CPU.Build.0 = Release|Any CPU
		{2014FD5C-B7D5-40BA-8169-746384D37426}.Debug|Any CPU.ActiveCfg = Debug|Any CPU
		{2014FD5C-B7D5-40BA-8169-746384D37426}.Debug|Any CPU.Build.0 = Debug|Any CPU
		{2014FD5C-B7D5-40BA-8169-746384D37426}.Release|Any CPU.ActiveCfg = Release|Any CPU
		{2014FD5C-B7D5-40BA-8169-746384D37426}.Release|Any CPU.Build.0 = Release|Any CPU
	EndGlobalSection
	GlobalSection(SolutionProperties) = preSolution
		HideSolutionNode = FALSE
	EndGlobalSection
EndGlobal
